// !$*UTF8*$!
{
	archiveVersion = 1;
	classes = {
	};
	objectVersion = 56;
	objects = {

/* Begin PBXBuildFile section */
		A0036E2E292E9ECC003C2000 /* App.swift in Sources */ = {isa = PBXBuildFile; fileRef = A0036E2D292E9ECC003C2000 /* App.swift */; };
		A0036E32292E9ECD003C2000 /* Assets.xcassets in Resources */ = {isa = PBXBuildFile; fileRef = A0036E31292E9ECD003C2000 /* Assets.xcassets */; };
		A0036E35292E9ECD003C2000 /* Preview Assets.xcassets in Resources */ = {isa = PBXBuildFile; fileRef = A0036E34292E9ECD003C2000 /* Preview Assets.xcassets */; };
		A0036E3F292E9ECD003C2000 /* magistrovakTests.swift in Sources */ = {isa = PBXBuildFile; fileRef = A0036E3E292E9ECD003C2000 /* magistrovakTests.swift */; };
		A0036E49292E9ECD003C2000 /* magistrovakUITests.swift in Sources */ = {isa = PBXBuildFile; fileRef = A0036E48292E9ECD003C2000 /* magistrovakUITests.swift */; };
		A0036E4B292E9ECD003C2000 /* magistrovakUITestsLaunchTests.swift in Sources */ = {isa = PBXBuildFile; fileRef = A0036E4A292E9ECD003C2000 /* magistrovakUITestsLaunchTests.swift */; };
		A0036E59292E9FA6003C2000 /* ComposableArchitecture in Frameworks */ = {isa = PBXBuildFile; productRef = A0036E58292E9FA6003C2000 /* ComposableArchitecture */; };
		A0036E5D292EA0A6003C2000 /* NavigationView.swift in Sources */ = {isa = PBXBuildFile; fileRef = A0036E5C292EA0A6003C2000 /* NavigationView.swift */; };
		A0036E5F292EA0B8003C2000 /* NavigationCore.swift in Sources */ = {isa = PBXBuildFile; fileRef = A0036E5E292EA0B8003C2000 /* NavigationCore.swift */; };
		A0036E64292EA119003C2000 /* ProgrammeView.swift in Sources */ = {isa = PBXBuildFile; fileRef = A0036E63292EA119003C2000 /* ProgrammeView.swift */; };
		A0036E66292EA124003C2000 /* ProgrammeCore.swift in Sources */ = {isa = PBXBuildFile; fileRef = A0036E65292EA124003C2000 /* ProgrammeCore.swift */; };
		A0036E68292EA4D0003C2000 /* Event.swift in Sources */ = {isa = PBXBuildFile; fileRef = A0036E67292EA4D0003C2000 /* Event.swift */; };
		A08A12B2292FBD83002C675A /* CellView.swift in Sources */ = {isa = PBXBuildFile; fileRef = A08A12B1292FBD83002C675A /* CellView.swift */; };
		A08A12B6292FD6E0002C675A /* APIClient.swift in Sources */ = {isa = PBXBuildFile; fileRef = A08A12B5292FD6E0002C675A /* APIClient.swift */; };
/* End PBXBuildFile section */

/* Begin PBXContainerItemProxy section */
		A0036E3B292E9ECD003C2000 /* PBXContainerItemProxy */ = {
			isa = PBXContainerItemProxy;
			containerPortal = A0036E22292E9ECC003C2000 /* Project object */;
			proxyType = 1;
			remoteGlobalIDString = A0036E29292E9ECC003C2000;
			remoteInfo = magistrovak;
		};
		A0036E45292E9ECD003C2000 /* PBXContainerItemProxy */ = {
			isa = PBXContainerItemProxy;
			containerPortal = A0036E22292E9ECC003C2000 /* Project object */;
			proxyType = 1;
			remoteGlobalIDString = A0036E29292E9ECC003C2000;
			remoteInfo = magistrovak;
		};
/* End PBXContainerItemProxy section */

/* Begin PBXFileReference section */
		A0036E2A292E9ECC003C2000 /* magistrovak.app */ = {isa = PBXFileReference; explicitFileType = wrapper.application; includeInIndex = 0; path = magistrovak.app; sourceTree = BUILT_PRODUCTS_DIR; };
		A0036E2D292E9ECC003C2000 /* App.swift */ = {isa = PBXFileReference; lastKnownFileType = sourcecode.swift; path = App.swift; sourceTree = "<group>"; };
		A0036E31292E9ECD003C2000 /* Assets.xcassets */ = {isa = PBXFileReference; lastKnownFileType = folder.assetcatalog; path = Assets.xcassets; sourceTree = "<group>"; };
		A0036E34292E9ECD003C2000 /* Preview Assets.xcassets */ = {isa = PBXFileReference; lastKnownFileType = folder.assetcatalog; path = "Preview Assets.xcassets"; sourceTree = "<group>"; };
		A0036E3A292E9ECD003C2000 /* magistrovakTests.xctest */ = {isa = PBXFileReference; explicitFileType = wrapper.cfbundle; includeInIndex = 0; path = magistrovakTests.xctest; sourceTree = BUILT_PRODUCTS_DIR; };
		A0036E3E292E9ECD003C2000 /* magistrovakTests.swift */ = {isa = PBXFileReference; lastKnownFileType = sourcecode.swift; path = magistrovakTests.swift; sourceTree = "<group>"; };
		A0036E44292E9ECD003C2000 /* magistrovakUITests.xctest */ = {isa = PBXFileReference; explicitFileType = wrapper.cfbundle; includeInIndex = 0; path = magistrovakUITests.xctest; sourceTree = BUILT_PRODUCTS_DIR; };
		A0036E48292E9ECD003C2000 /* magistrovakUITests.swift */ = {isa = PBXFileReference; lastKnownFileType = sourcecode.swift; path = magistrovakUITests.swift; sourceTree = "<group>"; };
		A0036E4A292E9ECD003C2000 /* magistrovakUITestsLaunchTests.swift */ = {isa = PBXFileReference; lastKnownFileType = sourcecode.swift; path = magistrovakUITestsLaunchTests.swift; sourceTree = "<group>"; };
		A0036E5C292EA0A6003C2000 /* NavigationView.swift */ = {isa = PBXFileReference; lastKnownFileType = sourcecode.swift; path = NavigationView.swift; sourceTree = "<group>"; };
		A0036E5E292EA0B8003C2000 /* NavigationCore.swift */ = {isa = PBXFileReference; lastKnownFileType = sourcecode.swift; path = NavigationCore.swift; sourceTree = "<group>"; };
		A0036E63292EA119003C2000 /* ProgrammeView.swift */ = {isa = PBXFileReference; lastKnownFileType = sourcecode.swift; path = ProgrammeView.swift; sourceTree = "<group>"; };
		A0036E65292EA124003C2000 /* ProgrammeCore.swift */ = {isa = PBXFileReference; lastKnownFileType = sourcecode.swift; path = ProgrammeCore.swift; sourceTree = "<group>"; };
		A0036E67292EA4D0003C2000 /* Event.swift */ = {isa = PBXFileReference; lastKnownFileType = sourcecode.swift; path = Event.swift; sourceTree = "<group>"; };
		A08A12B1292FBD83002C675A /* CellView.swift */ = {isa = PBXFileReference; lastKnownFileType = sourcecode.swift; path = CellView.swift; sourceTree = "<group>"; };
		A08A12B5292FD6E0002C675A /* APIClient.swift */ = {isa = PBXFileReference; lastKnownFileType = sourcecode.swift; path = APIClient.swift; sourceTree = "<group>"; };
/* End PBXFileReference section */

/* Begin PBXFrameworksBuildPhase section */
		A0036E27292E9ECC003C2000 /* Frameworks */ = {
			isa = PBXFrameworksBuildPhase;
			buildActionMask = 2147483647;
			files = (
				A0036E59292E9FA6003C2000 /* ComposableArchitecture in Frameworks */,
			);
			runOnlyForDeploymentPostprocessing = 0;
		};
		A0036E37292E9ECD003C2000 /* Frameworks */ = {
			isa = PBXFrameworksBuildPhase;
			buildActionMask = 2147483647;
			files = (
			);
			runOnlyForDeploymentPostprocessing = 0;
		};
		A0036E41292E9ECD003C2000 /* Frameworks */ = {
			isa = PBXFrameworksBuildPhase;
			buildActionMask = 2147483647;
			files = (
			);
			runOnlyForDeploymentPostprocessing = 0;
		};
/* End PBXFrameworksBuildPhase section */

/* Begin PBXGroup section */
		A0036E21292E9ECC003C2000 = {
			isa = PBXGroup;
			children = (
				A0036E2C292E9ECC003C2000 /* magistrovak */,
				A0036E3D292E9ECD003C2000 /* magistrovakTests */,
				A0036E47292E9ECD003C2000 /* magistrovakUITests */,
				A0036E2B292E9ECC003C2000 /* Products */,
			);
			sourceTree = "<group>";
		};
		A0036E2B292E9ECC003C2000 /* Products */ = {
			isa = PBXGroup;
			children = (
				A0036E2A292E9ECC003C2000 /* magistrovak.app */,
				A0036E3A292E9ECD003C2000 /* magistrovakTests.xctest */,
				A0036E44292E9ECD003C2000 /* magistrovakUITests.xctest */,
			);
			name = Products;
			sourceTree = "<group>";
		};
		A0036E2C292E9ECC003C2000 /* magistrovak */ = {
			isa = PBXGroup;
			children = (
				A0036E2D292E9ECC003C2000 /* App.swift */,
				A08A12B0292FBD6E002C675A /* ViewComponents */,
				A0036E5B292EA08F003C2000 /* Navigation */,
				A0036E60292EA0F3003C2000 /* Programme */,
				A0036E5A292E9FF6003C2000 /* Models */,
				A08A12B4292FD6BC002C675A /* Clients */,
				A0036E31292E9ECD003C2000 /* Assets.xcassets */,
				A0036E33292E9ECD003C2000 /* Preview Content */,
			);
			path = magistrovak;
			sourceTree = "<group>";
		};
		A0036E33292E9ECD003C2000 /* Preview Content */ = {
			isa = PBXGroup;
			children = (
				A0036E34292E9ECD003C2000 /* Preview Assets.xcassets */,
			);
			path = "Preview Content";
			sourceTree = "<group>";
		};
		A0036E3D292E9ECD003C2000 /* magistrovakTests */ = {
			isa = PBXGroup;
			children = (
				A0036E3E292E9ECD003C2000 /* magistrovakTests.swift */,
			);
			path = magistrovakTests;
			sourceTree = "<group>";
		};
		A0036E47292E9ECD003C2000 /* magistrovakUITests */ = {
			isa = PBXGroup;
			children = (
				A0036E48292E9ECD003C2000 /* magistrovakUITests.swift */,
				A0036E4A292E9ECD003C2000 /* magistrovakUITestsLaunchTests.swift */,
			);
			path = magistrovakUITests;
			sourceTree = "<group>";
		};
		A0036E5A292E9FF6003C2000 /* Models */ = {
			isa = PBXGroup;
			children = (
				A0036E67292EA4D0003C2000 /* Event.swift */,
			);
			path = Models;
			sourceTree = "<group>";
		};
		A0036E5B292EA08F003C2000 /* Navigation */ = {
			isa = PBXGroup;
			children = (
				A0036E5C292EA0A6003C2000 /* NavigationView.swift */,
				A0036E5E292EA0B8003C2000 /* NavigationCore.swift */,
			);
			path = Navigation;
			sourceTree = "<group>";
		};
		A0036E60292EA0F3003C2000 /* Programme */ = {
			isa = PBXGroup;
			children = (
				A0036E63292EA119003C2000 /* ProgrammeView.swift */,
				A0036E65292EA124003C2000 /* ProgrammeCore.swift */,
			);
			path = Programme;
			sourceTree = "<group>";
		};
		A08A12B0292FBD6E002C675A /* ViewComponents */ = {
			isa = PBXGroup;
			children = (
				A08A12B1292FBD83002C675A /* CellView.swift */,
			);
			path = ViewComponents;
			sourceTree = "<group>";
		};
		A08A12B4292FD6BC002C675A /* Clients */ = {
			isa = PBXGroup;
			children = (
				A08A12B5292FD6E0002C675A /* APIClient.swift */,
			);
			path = Clients;
			sourceTree = "<group>";
		};
/* End PBXGroup section */

/* Begin PBXNativeTarget section */
		A0036E29292E9ECC003C2000 /* magistrovak */ = {
			isa = PBXNativeTarget;
			buildConfigurationList = A0036E4E292E9ECD003C2000 /* Build configuration list for PBXNativeTarget "magistrovak" */;
			buildPhases = (
				A0036E26292E9ECC003C2000 /* Sources */,
				A0036E27292E9ECC003C2000 /* Frameworks */,
				A0036E28292E9ECC003C2000 /* Resources */,
			);
			buildRules = (
			);
			dependencies = (
			);
			name = magistrovak;
			packageProductDependencies = (
				A0036E58292E9FA6003C2000 /* ComposableArchitecture */,
			);
			productName = magistrovak;
			productReference = A0036E2A292E9ECC003C2000 /* magistrovak.app */;
			productType = "com.apple.product-type.application";
		};
		A0036E39292E9ECD003C2000 /* magistrovakTests */ = {
			isa = PBXNativeTarget;
			buildConfigurationList = A0036E51292E9ECD003C2000 /* Build configuration list for PBXNativeTarget "magistrovakTests" */;
			buildPhases = (
				A0036E36292E9ECD003C2000 /* Sources */,
				A0036E37292E9ECD003C2000 /* Frameworks */,
				A0036E38292E9ECD003C2000 /* Resources */,
			);
			buildRules = (
			);
			dependencies = (
				A0036E3C292E9ECD003C2000 /* PBXTargetDependency */,
			);
			name = magistrovakTests;
			productName = magistrovakTests;
			productReference = A0036E3A292E9ECD003C2000 /* magistrovakTests.xctest */;
			productType = "com.apple.product-type.bundle.unit-test";
		};
		A0036E43292E9ECD003C2000 /* magistrovakUITests */ = {
			isa = PBXNativeTarget;
			buildConfigurationList = A0036E54292E9ECD003C2000 /* Build configuration list for PBXNativeTarget "magistrovakUITests" */;
			buildPhases = (
				A0036E40292E9ECD003C2000 /* Sources */,
				A0036E41292E9ECD003C2000 /* Frameworks */,
				A0036E42292E9ECD003C2000 /* Resources */,
			);
			buildRules = (
			);
			dependencies = (
				A0036E46292E9ECD003C2000 /* PBXTargetDependency */,
			);
			name = magistrovakUITests;
			productName = magistrovakUITests;
			productReference = A0036E44292E9ECD003C2000 /* magistrovakUITests.xctest */;
			productType = "com.apple.product-type.bundle.ui-testing";
		};
/* End PBXNativeTarget section */

/* Begin PBXProject section */
		A0036E22292E9ECC003C2000 /* Project object */ = {
			isa = PBXProject;
			attributes = {
				BuildIndependentTargetsInParallel = 1;
				LastSwiftUpdateCheck = 1410;
				LastUpgradeCheck = 1410;
				TargetAttributes = {
					A0036E29292E9ECC003C2000 = {
						CreatedOnToolsVersion = 14.1;
					};
					A0036E39292E9ECD003C2000 = {
						CreatedOnToolsVersion = 14.1;
						TestTargetID = A0036E29292E9ECC003C2000;
					};
					A0036E43292E9ECD003C2000 = {
						CreatedOnToolsVersion = 14.1;
						TestTargetID = A0036E29292E9ECC003C2000;
					};
				};
			};
			buildConfigurationList = A0036E25292E9ECC003C2000 /* Build configuration list for PBXProject "magistrovak" */;
			compatibilityVersion = "Xcode 14.0";
			developmentRegion = en;
			hasScannedForEncodings = 0;
			knownRegions = (
				en,
				Base,
			);
			mainGroup = A0036E21292E9ECC003C2000;
			packageReferences = (
				A0036E57292E9FA6003C2000 /* XCRemoteSwiftPackageReference "swift-composable-architecture" */,
			);
			productRefGroup = A0036E2B292E9ECC003C2000 /* Products */;
			projectDirPath = "";
			projectRoot = "";
			targets = (
				A0036E29292E9ECC003C2000 /* magistrovak */,
				A0036E39292E9ECD003C2000 /* magistrovakTests */,
				A0036E43292E9ECD003C2000 /* magistrovakUITests */,
			);
		};
/* End PBXProject section */

/* Begin PBXResourcesBuildPhase section */
		A0036E28292E9ECC003C2000 /* Resources */ = {
			isa = PBXResourcesBuildPhase;
			buildActionMask = 2147483647;
			files = (
				A0036E35292E9ECD003C2000 /* Preview Assets.xcassets in Resources */,
				A0036E32292E9ECD003C2000 /* Assets.xcassets in Resources */,
			);
			runOnlyForDeploymentPostprocessing = 0;
		};
		A0036E38292E9ECD003C2000 /* Resources */ = {
			isa = PBXResourcesBuildPhase;
			buildActionMask = 2147483647;
			files = (
			);
			runOnlyForDeploymentPostprocessing = 0;
		};
		A0036E42292E9ECD003C2000 /* Resources */ = {
			isa = PBXResourcesBuildPhase;
			buildActionMask = 2147483647;
			files = (
			);
			runOnlyForDeploymentPostprocessing = 0;
		};
/* End PBXResourcesBuildPhase section */

/* Begin PBXSourcesBuildPhase section */
		A0036E26292E9ECC003C2000 /* Sources */ = {
			isa = PBXSourcesBuildPhase;
			buildActionMask = 2147483647;
			files = (
				A0036E5F292EA0B8003C2000 /* NavigationCore.swift in Sources */,
				A0036E66292EA124003C2000 /* ProgrammeCore.swift in Sources */,
				A0036E64292EA119003C2000 /* ProgrammeView.swift in Sources */,
				A08A12B6292FD6E0002C675A /* APIClient.swift in Sources */,
				A0036E5D292EA0A6003C2000 /* NavigationView.swift in Sources */,
				A0036E68292EA4D0003C2000 /* Event.swift in Sources */,
				A0036E2E292E9ECC003C2000 /* App.swift in Sources */,
				A08A12B2292FBD83002C675A /* CellView.swift in Sources */,
			);
			runOnlyForDeploymentPostprocessing = 0;
		};
		A0036E36292E9ECD003C2000 /* Sources */ = {
			isa = PBXSourcesBuildPhase;
			buildActionMask = 2147483647;
			files = (
				A0036E3F292E9ECD003C2000 /* magistrovakTests.swift in Sources */,
			);
			runOnlyForDeploymentPostprocessing = 0;
		};
		A0036E40292E9ECD003C2000 /* Sources */ = {
			isa = PBXSourcesBuildPhase;
			buildActionMask = 2147483647;
			files = (
				A0036E49292E9ECD003C2000 /* magistrovakUITests.swift in Sources */,
				A0036E4B292E9ECD003C2000 /* magistrovakUITestsLaunchTests.swift in Sources */,
			);
			runOnlyForDeploymentPostprocessing = 0;
		};
/* End PBXSourcesBuildPhase section */

/* Begin PBXTargetDependency section */
		A0036E3C292E9ECD003C2000 /* PBXTargetDependency */ = {
			isa = PBXTargetDependency;
			target = A0036E29292E9ECC003C2000 /* magistrovak */;
			targetProxy = A0036E3B292E9ECD003C2000 /* PBXContainerItemProxy */;
		};
		A0036E46292E9ECD003C2000 /* PBXTargetDependency */ = {
			isa = PBXTargetDependency;
			target = A0036E29292E9ECC003C2000 /* magistrovak */;
			targetProxy = A0036E45292E9ECD003C2000 /* PBXContainerItemProxy */;
		};
/* End PBXTargetDependency section */

/* Begin XCBuildConfiguration section */
		A0036E4C292E9ECD003C2000 /* Debug */ = {
			isa = XCBuildConfiguration;
			buildSettings = {
				ALWAYS_SEARCH_USER_PATHS = NO;
				CLANG_ANALYZER_NONNULL = YES;
				CLANG_ANALYZER_NUMBER_OBJECT_CONVERSION = YES_AGGRESSIVE;
				CLANG_CXX_LANGUAGE_STANDARD = "gnu++20";
				CLANG_ENABLE_MODULES = YES;
				CLANG_ENABLE_OBJC_ARC = YES;
				CLANG_ENABLE_OBJC_WEAK = YES;
				CLANG_WARN_BLOCK_CAPTURE_AUTORELEASING = YES;
				CLANG_WARN_BOOL_CONVERSION = YES;
				CLANG_WARN_COMMA = YES;
				CLANG_WARN_CONSTANT_CONVERSION = YES;
				CLANG_WARN_DEPRECATED_OBJC_IMPLEMENTATIONS = YES;
				CLANG_WARN_DIRECT_OBJC_ISA_USAGE = YES_ERROR;
				CLANG_WARN_DOCUMENTATION_COMMENTS = YES;
				CLANG_WARN_EMPTY_BODY = YES;
				CLANG_WARN_ENUM_CONVERSION = YES;
				CLANG_WARN_INFINITE_RECURSION = YES;
				CLANG_WARN_INT_CONVERSION = YES;
				CLANG_WARN_NON_LITERAL_NULL_CONVERSION = YES;
				CLANG_WARN_OBJC_IMPLICIT_RETAIN_SELF = YES;
				CLANG_WARN_OBJC_LITERAL_CONVERSION = YES;
				CLANG_WARN_OBJC_ROOT_CLASS = YES_ERROR;
				CLANG_WARN_QUOTED_INCLUDE_IN_FRAMEWORK_HEADER = YES;
				CLANG_WARN_RANGE_LOOP_ANALYSIS = YES;
				CLANG_WARN_STRICT_PROTOTYPES = YES;
				CLANG_WARN_SUSPICIOUS_MOVE = YES;
				CLANG_WARN_UNGUARDED_AVAILABILITY = YES_AGGRESSIVE;
				CLANG_WARN_UNREACHABLE_CODE = YES;
				CLANG_WARN__DUPLICATE_METHOD_MATCH = YES;
				COPY_PHASE_STRIP = NO;
				DEBUG_INFORMATION_FORMAT = dwarf;
				ENABLE_STRICT_OBJC_MSGSEND = YES;
				ENABLE_TESTABILITY = YES;
				GCC_C_LANGUAGE_STANDARD = gnu11;
				GCC_DYNAMIC_NO_PIC = NO;
				GCC_NO_COMMON_BLOCKS = YES;
				GCC_OPTIMIZATION_LEVEL = 0;
				GCC_PREPROCESSOR_DEFINITIONS = (
					"DEBUG=1",
					"$(inherited)",
				);
				GCC_WARN_64_TO_32_BIT_CONVERSION = YES;
				GCC_WARN_ABOUT_RETURN_TYPE = YES_ERROR;
				GCC_WARN_UNDECLARED_SELECTOR = YES;
				GCC_WARN_UNINITIALIZED_AUTOS = YES_AGGRESSIVE;
				GCC_WARN_UNUSED_FUNCTION = YES;
				GCC_WARN_UNUSED_VARIABLE = YES;
				IPHONEOS_DEPLOYMENT_TARGET = 16.1;
				MTL_ENABLE_DEBUG_INFO = INCLUDE_SOURCE;
				MTL_FAST_MATH = YES;
				ONLY_ACTIVE_ARCH = YES;
				SDKROOT = iphoneos;
				SWIFT_ACTIVE_COMPILATION_CONDITIONS = DEBUG;
				SWIFT_OPTIMIZATION_LEVEL = "-Onone";
			};
			name = Debug;
		};
		A0036E4D292E9ECD003C2000 /* Release */ = {
			isa = XCBuildConfiguration;
			buildSettings = {
				ALWAYS_SEARCH_USER_PATHS = NO;
				CLANG_ANALYZER_NONNULL = YES;
				CLANG_ANALYZER_NUMBER_OBJECT_CONVERSION = YES_AGGRESSIVE;
				CLANG_CXX_LANGUAGE_STANDARD = "gnu++20";
				CLANG_ENABLE_MODULES = YES;
				CLANG_ENABLE_OBJC_ARC = YES;
				CLANG_ENABLE_OBJC_WEAK = YES;
				CLANG_WARN_BLOCK_CAPTURE_AUTORELEASING = YES;
				CLANG_WARN_BOOL_CONVERSION = YES;
				CLANG_WARN_COMMA = YES;
				CLANG_WARN_CONSTANT_CONVERSION = YES;
				CLANG_WARN_DEPRECATED_OBJC_IMPLEMENTATIONS = YES;
				CLANG_WARN_DIRECT_OBJC_ISA_USAGE = YES_ERROR;
				CLANG_WARN_DOCUMENTATION_COMMENTS = YES;
				CLANG_WARN_EMPTY_BODY = YES;
				CLANG_WARN_ENUM_CONVERSION = YES;
				CLANG_WARN_INFINITE_RECURSION = YES;
				CLANG_WARN_INT_CONVERSION = YES;
				CLANG_WARN_NON_LITERAL_NULL_CONVERSION = YES;
				CLANG_WARN_OBJC_IMPLICIT_RETAIN_SELF = YES;
				CLANG_WARN_OBJC_LITERAL_CONVERSION = YES;
				CLANG_WARN_OBJC_ROOT_CLASS = YES_ERROR;
				CLANG_WARN_QUOTED_INCLUDE_IN_FRAMEWORK_HEADER = YES;
				CLANG_WARN_RANGE_LOOP_ANALYSIS = YES;
				CLANG_WARN_STRICT_PROTOTYPES = YES;
				CLANG_WARN_SUSPICIOUS_MOVE = YES;
				CLANG_WARN_UNGUARDED_AVAILABILITY = YES_AGGRESSIVE;
				CLANG_WARN_UNREACHABLE_CODE = YES;
				CLANG_WARN__DUPLICATE_METHOD_MATCH = YES;
				COPY_PHASE_STRIP = NO;
				DEBUG_INFORMATION_FORMAT = "dwarf-with-dsym";
				ENABLE_NS_ASSERTIONS = NO;
				ENABLE_STRICT_OBJC_MSGSEND = YES;
				GCC_C_LANGUAGE_STANDARD = gnu11;
				GCC_NO_COMMON_BLOCKS = YES;
				GCC_WARN_64_TO_32_BIT_CONVERSION = YES;
				GCC_WARN_ABOUT_RETURN_TYPE = YES_ERROR;
				GCC_WARN_UNDECLARED_SELECTOR = YES;
				GCC_WARN_UNINITIALIZED_AUTOS = YES_AGGRESSIVE;
				GCC_WARN_UNUSED_FUNCTION = YES;
				GCC_WARN_UNUSED_VARIABLE = YES;
				IPHONEOS_DEPLOYMENT_TARGET = 16.1;
				MTL_ENABLE_DEBUG_INFO = NO;
				MTL_FAST_MATH = YES;
				SDKROOT = iphoneos;
				SWIFT_COMPILATION_MODE = wholemodule;
				SWIFT_OPTIMIZATION_LEVEL = "-O";
				VALIDATE_PRODUCT = YES;
			};
			name = Release;
		};
		A0036E4F292E9ECD003C2000 /* Debug */ = {
			isa = XCBuildConfiguration;
			buildSettings = {
				ASSETCATALOG_COMPILER_APPICON_NAME = AppIcon;
				ASSETCATALOG_COMPILER_GLOBAL_ACCENT_COLOR_NAME = AccentColor;
				CODE_SIGN_STYLE = Automatic;
				CURRENT_PROJECT_VERSION = 1;
				DEVELOPMENT_ASSET_PATHS = "\"magistrovak/Preview Content\"";
				DEVELOPMENT_TEAM = SF322564WJ;
				ENABLE_PREVIEWS = YES;
				GENERATE_INFOPLIST_FILE = YES;
				INFOPLIST_KEY_UIApplicationSceneManifest_Generation = YES;
				INFOPLIST_KEY_UIApplicationSupportsIndirectInputEvents = YES;
				INFOPLIST_KEY_UILaunchScreen_Generation = YES;
				INFOPLIST_KEY_UISupportedInterfaceOrientations_iPad = "UIInterfaceOrientationPortrait UIInterfaceOrientationPortraitUpsideDown UIInterfaceOrientationLandscapeLeft UIInterfaceOrientationLandscapeRight";
				INFOPLIST_KEY_UISupportedInterfaceOrientations_iPhone = "UIInterfaceOrientationPortrait UIInterfaceOrientationLandscapeLeft UIInterfaceOrientationLandscapeRight";
				LD_RUNPATH_SEARCH_PATHS = (
					"$(inherited)",
					"@executable_path/Frameworks",
				);
				MARKETING_VERSION = 1.0;
				PRODUCT_BUNDLE_IDENTIFIER = havrdovaLucie.magistrovak;
				PRODUCT_NAME = "$(TARGET_NAME)";
				SWIFT_EMIT_LOC_STRINGS = YES;
				SWIFT_VERSION = 5.0;
				TARGETED_DEVICE_FAMILY = "1,2";
			};
			name = Debug;
		};
		A0036E50292E9ECD003C2000 /* Release */ = {
			isa = XCBuildConfiguration;
			buildSettings = {
				ASSETCATALOG_COMPILER_APPICON_NAME = AppIcon;
				ASSETCATALOG_COMPILER_GLOBAL_ACCENT_COLOR_NAME = AccentColor;
				CODE_SIGN_STYLE = Automatic;
				CURRENT_PROJECT_VERSION = 1;
				DEVELOPMENT_ASSET_PATHS = "\"magistrovak/Preview Content\"";
				DEVELOPMENT_TEAM = SF322564WJ;
				ENABLE_PREVIEWS = YES;
				GENERATE_INFOPLIST_FILE = YES;
				INFOPLIST_KEY_UIApplicationSceneManifest_Generation = YES;
				INFOPLIST_KEY_UIApplicationSupportsIndirectInputEvents = YES;
				INFOPLIST_KEY_UILaunchScreen_Generation = YES;
				INFOPLIST_KEY_UISupportedInterfaceOrientations_iPad = "UIInterfaceOrientationPortrait UIInterfaceOrientationPortraitUpsideDown UIInterfaceOrientationLandscapeLeft UIInterfaceOrientationLandscapeRight";
				INFOPLIST_KEY_UISupportedInterfaceOrientations_iPhone = "UIInterfaceOrientationPortrait UIInterfaceOrientationLandscapeLeft UIInterfaceOrientationLandscapeRight";
				LD_RUNPATH_SEARCH_PATHS = (
					"$(inherited)",
					"@executable_path/Frameworks",
				);
				MARKETING_VERSION = 1.0;
				PRODUCT_BUNDLE_IDENTIFIER = havrdovaLucie.magistrovak;
				PRODUCT_NAME = "$(TARGET_NAME)";
				SWIFT_EMIT_LOC_STRINGS = YES;
				SWIFT_VERSION = 5.0;
				TARGETED_DEVICE_FAMILY = "1,2";
			};
			name = Release;
		};
		A0036E52292E9ECD003C2000 /* Debug */ = {
			isa = XCBuildConfiguration;
			buildSettings = {
				ALWAYS_EMBED_SWIFT_STANDARD_LIBRARIES = YES;
				BUNDLE_LOADER = "$(TEST_HOST)";
				CODE_SIGN_STYLE = Automatic;
				CURRENT_PROJECT_VERSION = 1;
				DEVELOPMENT_TEAM = SF322564WJ;
				GENERATE_INFOPLIST_FILE = YES;
				IPHONEOS_DEPLOYMENT_TARGET = 16.1;
				MARKETING_VERSION = 1.0;
				PRODUCT_BUNDLE_IDENTIFIER = havrdovaLucie.magistrovakTests;
				PRODUCT_NAME = "$(TARGET_NAME)";
				SWIFT_EMIT_LOC_STRINGS = NO;
				SWIFT_VERSION = 5.0;
				TARGETED_DEVICE_FAMILY = "1,2";
				TEST_HOST = "$(BUILT_PRODUCTS_DIR)/magistrovak.app/$(BUNDLE_EXECUTABLE_FOLDER_PATH)/magistrovak";
			};
			name = Debug;
		};
		A0036E53292E9ECD003C2000 /* Release */ = {
			isa = XCBuildConfiguration;
			buildSettings = {
				ALWAYS_EMBED_SWIFT_STANDARD_LIBRARIES = YES;
				BUNDLE_LOADER = "$(TEST_HOST)";
				CODE_SIGN_STYLE = Automatic;
				CURRENT_PROJECT_VERSION = 1;
				DEVELOPMENT_TEAM = SF322564WJ;
				GENERATE_INFOPLIST_FILE = YES;
				IPHONEOS_DEPLOYMENT_TARGET = 16.1;
				MARKETING_VERSION = 1.0;
				PRODUCT_BUNDLE_IDENTIFIER = havrdovaLucie.magistrovakTests;
				PRODUCT_NAME = "$(TARGET_NAME)";
				SWIFT_EMIT_LOC_STRINGS = NO;
				SWIFT_VERSION = 5.0;
				TARGETED_DEVICE_FAMILY = "1,2";
				TEST_HOST = "$(BUILT_PRODUCTS_DIR)/magistrovak.app/$(BUNDLE_EXECUTABLE_FOLDER_PATH)/magistrovak";
			};
			name = Release;
		};
		A0036E55292E9ECD003C2000 /* Debug */ = {
			isa = XCBuildConfiguration;
			buildSettings = {
				ALWAYS_EMBED_SWIFT_STANDARD_LIBRARIES = YES;
				CODE_SIGN_STYLE = Automatic;
				CURRENT_PROJECT_VERSION = 1;
				DEVELOPMENT_TEAM = SF322564WJ;
				GENERATE_INFOPLIST_FILE = YES;
				MARKETING_VERSION = 1.0;
				PRODUCT_BUNDLE_IDENTIFIER = havrdovaLucie.magistrovakUITests;
				PRODUCT_NAME = "$(TARGET_NAME)";
				SWIFT_EMIT_LOC_STRINGS = NO;
				SWIFT_VERSION = 5.0;
				TARGETED_DEVICE_FAMILY = "1,2";
				TEST_TARGET_NAME = magistrovak;
			};
			name = Debug;
		};
		A0036E56292E9ECD003C2000 /* Release */ = {
			isa = XCBuildConfiguration;
			buildSettings = {
				ALWAYS_EMBED_SWIFT_STANDARD_LIBRARIES = YES;
				CODE_SIGN_STYLE = Automatic;
				CURRENT_PROJECT_VERSION = 1;
				DEVELOPMENT_TEAM = SF322564WJ;
				GENERATE_INFOPLIST_FILE = YES;
				MARKETING_VERSION = 1.0;
				PRODUCT_BUNDLE_IDENTIFIER = havrdovaLucie.magistrovakUITests;
				PRODUCT_NAME = "$(TARGET_NAME)";
				SWIFT_EMIT_LOC_STRINGS = NO;
				SWIFT_VERSION = 5.0;
				TARGETED_DEVICE_FAMILY = "1,2";
				TEST_TARGET_NAME = magistrovak;
			};
			name = Release;
		};
/* End XCBuildConfiguration section */

/* Begin XCConfigurationList section */
		A0036E25292E9ECC003C2000 /* Build configuration list for PBXProject "magistrovak" */ = {
			isa = XCConfigurationList;
			buildConfigurations = (
				A0036E4C292E9ECD003C2000 /* Debug */,
				A0036E4D292E9ECD003C2000 /* Release */,
			);
			defaultConfigurationIsVisible = 0;
			defaultConfigurationName = Release;
		};
		A0036E4E292E9ECD003C2000 /* Build configuration list for PBXNativeTarget "magistrovak" */ = {
			isa = XCConfigurationList;
			buildConfigurations = (
				A0036E4F292E9ECD003C2000 /* Debug */,
				A0036E50292E9ECD003C2000 /* Release */,
			);
			defaultConfigurationIsVisible = 0;
			defaultConfigurationName = Release;
		};
		A0036E51292E9ECD003C2000 /* Build configuration list for PBXNativeTarget "magistrovakTests" */ = {
			isa = XCConfigurationList;
			buildConfigurations = (
				A0036E52292E9ECD003C2000 /* Debug */,
				A0036E53292E9ECD003C2000 /* Release */,
			);
			defaultConfigurationIsVisible = 0;
			defaultConfigurationName = Release;
		};
		A0036E54292E9ECD003C2000 /* Build configuration list for PBXNativeTarget "magistrovakUITests" */ = {
			isa = XCConfigurationList;
			buildConfigurations = (
				A0036E55292E9ECD003C2000 /* Debug */,
				A0036E56292E9ECD003C2000 /* Release */,
			);
			defaultConfigurationIsVisible = 0;
			defaultConfigurationName = Release;
		};
/* End XCConfigurationList section */

/* Begin XCRemoteSwiftPackageReference section */
		A0036E57292E9FA6003C2000 /* XCRemoteSwiftPackageReference "swift-composable-architecture" */ = {
			isa = XCRemoteSwiftPackageReference;
			repositoryURL = "https://github.com/pointfreeco/swift-composable-architecture.git";
			requirement = {
				branch = main;
				kind = branch;
			};
		};
/* End XCRemoteSwiftPackageReference section */

/* Begin XCSwiftPackageProductDependency section */
		A0036E58292E9FA6003C2000 /* ComposableArchitecture */ = {
			isa = XCSwiftPackageProductDependency;
			package = A0036E57292E9FA6003C2000 /* XCRemoteSwiftPackageReference "swift-composable-architecture" */;
			productName = ComposableArchitecture;
		};
/* End XCSwiftPackageProductDependency section */
	};
	rootObject = A0036E22292E9ECC003C2000 /* Project object */;
}
